
Microsoft Visual Studio Solution File, Format Version 12.00
# Visual Studio Version 17
VisualStudioVersion = 17.0.32112.339
MinimumVisualStudioVersion = 10.0.40219.1
Project("{FAE04EC0-301F-11D3-BF4B-00C04F79EFBC}") = "Lesson_8.NetFrameWork", "Lesson_8.NetFrameWork\Lesson_8.NetFrameWork.csproj", "{46ACD6CA-50F7-4B1D-A433-3A7F5C336667}"
EndProject
Global
	GlobalSection(SolutionConfigurationPlatforms) = preSolution
		Debug|Any CPU = Debug|Any CPU
		Release|Any CPU = Release|Any CPU
	EndGlobalSection
	GlobalSection(ProjectConfigurationPlatforms) = postSolution
		{46ACD6CA-50F7-4B1D-A433-3A7F5C336667}.Debug|Any CPU.ActiveCfg = Debug|Any CPU
		{46ACD6CA-50F7-4B1D-A433-3A7F5C336667}.Debug|Any CPU.Build.0 = Debug|Any CPU
		{46ACD6CA-50F7-4B1D-A433-3A7F5C336667}.Release|Any CPU.ActiveCfg = Release|Any CPU
		{46ACD6CA-50F7-4B1D-A433-3A7F5C336667}.Release|Any CPU.Build.0 = Release|Any CPU
	EndGlobalSection
	GlobalSection(SolutionProperties) = preSolution
		HideSolutionNode = FALSE
	EndGlobalSection
	GlobalSection(ExtensibilityGlobals) = postSolution
		SolutionGuid = {B82819E0-A627-4228-896F-16B55FC6DC15}
	EndGlobalSection
EndGlobal
